// !$*UTF8*$!
{
	archiveVersion = 1;
	classes = {
	};
	objectVersion = 46;
	objects = {

/* Begin PBXBuildFile section */
		114FF69F1EF530460074ECEE /* AppDelegate.swift in Sources */ = {isa = PBXBuildFile; fileRef = 114FF69E1EF530460074ECEE /* AppDelegate.swift */; };
		114FF6A11EF530460074ECEE /* ViewController.swift in Sources */ = {isa = PBXBuildFile; fileRef = 114FF6A01EF530460074ECEE /* ViewController.swift */; };
		114FF6A41EF530460074ECEE /* Main.storyboard in Resources */ = {isa = PBXBuildFile; fileRef = 114FF6A21EF530460074ECEE /* Main.storyboard */; };
		114FF6A71EF530460074ECEE /* TinkoffNews.xcdatamodeld in Sources */ = {isa = PBXBuildFile; fileRef = 114FF6A51EF530460074ECEE /* TinkoffNews.xcdatamodeld */; };
		114FF6A91EF530460074ECEE /* Assets.xcassets in Resources */ = {isa = PBXBuildFile; fileRef = 114FF6A81EF530460074ECEE /* Assets.xcassets */; };
		114FF6AC1EF530460074ECEE /* LaunchScreen.storyboard in Resources */ = {isa = PBXBuildFile; fileRef = 114FF6AA1EF530460074ECEE /* LaunchScreen.storyboard */; };
		E0D233982028937FAC75174B /* Pods_TinkoffNews.framework in Frameworks */ = {isa = PBXBuildFile; fileRef = 387AC12792EFC4F9B9C5D850 /* Pods_TinkoffNews.framework */; };
/* End PBXBuildFile section */

/* Begin PBXFileReference section */
		114FF69B1EF530460074ECEE /* TinkoffNews.app */ = {isa = PBXFileReference; explicitFileType = wrapper.application; includeInIndex = 0; path = TinkoffNews.app; sourceTree = BUILT_PRODUCTS_DIR; };
		114FF69E1EF530460074ECEE /* AppDelegate.swift */ = {isa = PBXFileReference; lastKnownFileType = sourcecode.swift; path = AppDelegate.swift; sourceTree = "<group>"; };
		114FF6A01EF530460074ECEE /* ViewController.swift */ = {isa = PBXFileReference; lastKnownFileType = sourcecode.swift; path = ViewController.swift; sourceTree = "<group>"; };
		114FF6A31EF530460074ECEE /* Base */ = {isa = PBXFileReference; lastKnownFileType = file.storyboard; name = Base; path = Base.lproj/Main.storyboard; sourceTree = "<group>"; };
		114FF6A61EF530460074ECEE /* TinkoffNews.xcdatamodel */ = {isa = PBXFileReference; lastKnownFileType = wrapper.xcdatamodel; path = TinkoffNews.xcdatamodel; sourceTree = "<group>"; };
		114FF6A81EF530460074ECEE /* Assets.xcassets */ = {isa = PBXFileReference; lastKnownFileType = folder.assetcatalog; path = Assets.xcassets; sourceTree = "<group>"; };
		114FF6AB1EF530460074ECEE /* Base */ = {isa = PBXFileReference; lastKnownFileType = file.storyboard; name = Base; path = Base.lproj/LaunchScreen.storyboard; sourceTree = "<group>"; };
		114FF6AD1EF530460074ECEE /* Info.plist */ = {isa = PBXFileReference; lastKnownFileType = text.plist.xml; path = Info.plist; sourceTree = "<group>"; };
		387AC12792EFC4F9B9C5D850 /* Pods_TinkoffNews.framework */ = {isa = PBXFileReference; explicitFileType = wrapper.framework; includeInIndex = 0; path = Pods_TinkoffNews.framework; sourceTree = BUILT_PRODUCTS_DIR; };
		6BE741C5ED39AE4FF9DDB84A /* Pods-TinkoffNews.debug.xcconfig */ = {isa = PBXFileReference; includeInIndex = 1; lastKnownFileType = text.xcconfig; name = "Pods-TinkoffNews.debug.xcconfig"; path = "Pods/Target Support Files/Pods-TinkoffNews/Pods-TinkoffNews.debug.xcconfig"; sourceTree = "<group>"; };
		F85B9D6A1CF6C8A7DBD81551 /* Pods-TinkoffNews.release.xcconfig */ = {isa = PBXFileReference; includeInIndex = 1; lastKnownFileType = text.xcconfig; name = "Pods-TinkoffNews.release.xcconfig"; path = "Pods/Target Support Files/Pods-TinkoffNews/Pods-TinkoffNews.release.xcconfig"; sourceTree = "<group>"; };
/* End PBXFileReference section */

/* Begin PBXFrameworksBuildPhase section */
		114FF6981EF530460074ECEE /* Frameworks */ = {
			isa = PBXFrameworksBuildPhase;
			buildActionMask = 2147483647;
			files = (
				E0D233982028937FAC75174B /* Pods_TinkoffNews.framework in Frameworks */,
			);
			runOnlyForDeploymentPostprocessing = 0;
		};
/* End PBXFrameworksBuildPhase section */

/* Begin PBXGroup section */
		114FF6921EF530460074ECEE = {
			isa = PBXGroup;
			children = (
				114FF69D1EF530460074ECEE /* TinkoffNews */,
				114FF69C1EF530460074ECEE /* Products */,
				79E15774CF24DB28DF53DA69 /* Pods */,
				9B84D95FC93B3E1A4CCE9D77 /* Frameworks */,
			);
			sourceTree = "<group>";
		};
		114FF69C1EF530460074ECEE /* Products */ = {
			isa = PBXGroup;
			children = (
				114FF69B1EF530460074ECEE /* TinkoffNews.app */,
			);
			name = Products;
			sourceTree = "<group>";
		};
		114FF69D1EF530460074ECEE /* TinkoffNews */ = {
			isa = PBXGroup;
			children = (
				114FF69E1EF530460074ECEE /* AppDelegate.swift */,
				11A1F90C1EF532350043BB84 /* PresentationLayer */,
				11A1F90D1EF532490043BB84 /* ServiceLayer */,
				11A1F90E1EF532530043BB84 /* CoreLayer */,
				114FF6A81EF530460074ECEE /* Assets.xcassets */,
				114FF6AD1EF530460074ECEE /* Info.plist */,
				114FF6A51EF530460074ECEE /* TinkoffNews.xcdatamodeld */,
			);
			path = TinkoffNews;
			sourceTree = "<group>";
		};
		11A1F90C1EF532350043BB84 /* PresentationLayer */ = {
			isa = PBXGroup;
			children = (
				114FF6A01EF530460074ECEE /* ViewController.swift */,
				11A1F90F1EF5326F0043BB84 /* Storyboards */,
			);
			name = PresentationLayer;
			sourceTree = "<group>";
		};
		11A1F90D1EF532490043BB84 /* ServiceLayer */ = {
			isa = PBXGroup;
			children = (
			);
			name = ServiceLayer;
			sourceTree = "<group>";
		};
		11A1F90E1EF532530043BB84 /* CoreLayer */ = {
			isa = PBXGroup;
			children = (
			);
			name = CoreLayer;
			sourceTree = "<group>";
		};
		11A1F90F1EF5326F0043BB84 /* Storyboards */ = {
			isa = PBXGroup;
			children = (
				114FF6A21EF530460074ECEE /* Main.storyboard */,
				114FF6AA1EF530460074ECEE /* LaunchScreen.storyboard */,
			);
			name = Storyboards;
			sourceTree = "<group>";
		};
		79E15774CF24DB28DF53DA69 /* Pods */ = {
			isa = PBXGroup;
			children = (
				6BE741C5ED39AE4FF9DDB84A /* Pods-TinkoffNews.debug.xcconfig */,
				F85B9D6A1CF6C8A7DBD81551 /* Pods-TinkoffNews.release.xcconfig */,
			);
			name = Pods;
			sourceTree = "<group>";
		};
		9B84D95FC93B3E1A4CCE9D77 /* Frameworks */ = {
			isa = PBXGroup;
			children = (
				387AC12792EFC4F9B9C5D850 /* Pods_TinkoffNews.framework */,
			);
			name = Frameworks;
			sourceTree = "<group>";
		};
/* End PBXGroup section */

/* Begin PBXNativeTarget section */
		114FF69A1EF530460074ECEE /* TinkoffNews */ = {
			isa = PBXNativeTarget;
			buildConfigurationList = 114FF6B01EF530460074ECEE /* Build configuration list for PBXNativeTarget "TinkoffNews" */;
			buildPhases = (
				46D70B4B7A07AABC2F27769D /* [CP] Check Pods Manifest.lock */,
				114FF6971EF530460074ECEE /* Sources */,
				114FF6981EF530460074ECEE /* Frameworks */,
				114FF6991EF530460074ECEE /* Resources */,
				28B10F7AE535BD365495346B /* [CP] Embed Pods Frameworks */,
				B18449ABA3BC87A38450BB70 /* [CP] Copy Pods Resources */,
			);
			buildRules = (
			);
			dependencies = (
			);
			name = TinkoffNews;
			productName = TinkoffNews;
			productReference = 114FF69B1EF530460074ECEE /* TinkoffNews.app */;
			productType = "com.apple.product-type.application";
		};
/* End PBXNativeTarget section */

/* Begin PBXProject section */
		114FF6931EF530460074ECEE /* Project object */ = {
			isa = PBXProject;
			attributes = {
				LastSwiftUpdateCheck = 0830;
				LastUpgradeCheck = 0830;
				ORGANIZATIONNAME = "Alexander Terekhov";
				TargetAttributes = {
					114FF69A1EF530460074ECEE = {
						CreatedOnToolsVersion = 8.3.1;
						DevelopmentTeam = U754XV4Y2S;
						ProvisioningStyle = Automatic;
					};
				};
			};
			buildConfigurationList = 114FF6961EF530460074ECEE /* Build configuration list for PBXProject "TinkoffNews" */;
			compatibilityVersion = "Xcode 3.2";
			developmentRegion = English;
			hasScannedForEncodings = 0;
			knownRegions = (
				en,
				Base,
			);
			mainGroup = 114FF6921EF530460074ECEE;
			productRefGroup = 114FF69C1EF530460074ECEE /* Products */;
			projectDirPath = "";
			projectRoot = "";
			targets = (
				114FF69A1EF530460074ECEE /* TinkoffNews */,
			);
		};
/* End PBXProject section */

/* Begin PBXResourcesBuildPhase section */
		114FF6991EF530460074ECEE /* Resources */ = {
			isa = PBXResourcesBuildPhase;
			buildActionMask = 2147483647;
			files = (
				114FF6AC1EF530460074ECEE /* LaunchScreen.storyboard in Resources */,
				114FF6A91EF530460074ECEE /* Assets.xcassets in Resources */,
				114FF6A41EF530460074ECEE /* Main.storyboard in Resources */,
			);
			runOnlyForDeploymentPostprocessing = 0;
		};
/* End PBXResourcesBuildPhase section */

/* Begin PBXShellScriptBuildPhase section */
		28B10F7AE535BD365495346B /* [CP] Embed Pods Frameworks */ = {
			isa = PBXShellScriptBuildPhase;
			buildActionMask = 2147483647;
			files = (
			);
			inputPaths = (
			);
			name = "[CP] Embed Pods Frameworks";
			outputPaths = (
			);
			runOnlyForDeploymentPostprocessing = 0;
			shellPath = /bin/sh;
			shellScript = "\"${SRCROOT}/Pods/Target Support Files/Pods-TinkoffNews/Pods-TinkoffNews-frameworks.sh\"\n";
			showEnvVarsInLog = 0;
		};
		46D70B4B7A07AABC2F27769D /* [CP] Check Pods Manifest.lock */ = {
			isa = PBXShellScriptBuildPhase;
			buildActionMask = 2147483647;
			files = (
			);
			inputPaths = (
			);
			name = "[CP] Check Pods Manifest.lock";
			outputPaths = (
			);
			runOnlyForDeploymentPostprocessing = 0;
			shellPath = /bin/sh;
			shellScript = "diff \"${PODS_PODFILE_DIR_PATH}/Podfile.lock\" \"${PODS_ROOT}/Manifest.lock\" > /dev/null\nif [ $? != 0 ] ; then\n    # print error to STDERR\n    echo \"error: The sandbox is not in sync with the Podfile.lock. Run 'pod install' or update your CocoaPods installation.\" >&2\n    exit 1\nfi\n";
			showEnvVarsInLog = 0;
		};
		B18449ABA3BC87A38450BB70 /* [CP] Copy Pods Resources */ = {
			isa = PBXShellScriptBuildPhase;
			buildActionMask = 2147483647;
			files = (
			);
			inputPaths = (
			);
			name = "[CP] Copy Pods Resources";
			outputPaths = (
			);
			runOnlyForDeploymentPostprocessing = 0;
			shellPath = /bin/sh;
			shellScript = "\"${SRCROOT}/Pods/Target Support Files/Pods-TinkoffNews/Pods-TinkoffNews-resources.sh\"\n";
			showEnvVarsInLog = 0;
		};
/* End PBXShellScriptBuildPhase section */

/* Begin PBXSourcesBuildPhase section */
		114FF6971EF530460074ECEE /* Sources */ = {
			isa = PBXSourcesBuildPhase;
			buildActionMask = 2147483647;
			files = (
				114FF6A71EF530460074ECEE /* TinkoffNews.xcdatamodeld in Sources */,
				114FF6A11EF530460074ECEE /* ViewController.swift in Sources */,
				114FF69F1EF530460074ECEE /* AppDelegate.swift in Sources */,
			);
			runOnlyForDeploymentPostprocessing = 0;
		};
/* End PBXSourcesBuildPhase section */

/* Begin PBXVariantGroup section */
		114FF6A21EF530460074ECEE /* Main.storyboard */ = {
			isa = PBXVariantGroup;
			children = (
				114FF6A31EF530460074ECEE /* Base */,
			);
			name = Main.storyboard;
			sourceTree = "<group>";
		};
		114FF6AA1EF530460074ECEE /* LaunchScreen.storyboard */ = {
			isa = PBXVariantGroup;
			children = (
				114FF6AB1EF530460074ECEE /* Base */,
			);
			name = LaunchScreen.storyboard;
			sourceTree = "<group>";
		};
/* End PBXVariantGroup section */

/* Begin XCBuildConfiguration section */
		114FF6AE1EF530460074ECEE /* Debug */ = {
			isa = XCBuildConfiguration;
			buildSettings = {
				ALWAYS_SEARCH_USER_PATHS = NO;
				CLANG_ANALYZER_NONNULL = YES;
				CLANG_ANALYZER_NUMBER_OBJECT_CONVERSION = YES_AGGRESSIVE;
				CLANG_CXX_LANGUAGE_STANDARD = "gnu++0x";
				CLANG_CXX_LIBRARY = "libc++";
				CLANG_ENABLE_MODULES = YES;
				CLANG_ENABLE_OBJC_ARC = YES;
				CLANG_WARN_BOOL_CONVERSION = YES;
				CLANG_WARN_CONSTANT_CONVERSION = YES;
				CLANG_WARN_DIRECT_OBJC_ISA_USAGE = YES_ERROR;
				CLANG_WARN_DOCUMENTATION_COMMENTS = YES;
				CLANG_WARN_EMPTY_BODY = YES;
				CLANG_WARN_ENUM_CONVERSION = YES;
				CLANG_WARN_INFINITE_RECURSION = YES;
				CLANG_WARN_INT_CONVERSION = YES;
				CLANG_WARN_OBJC_ROOT_CLASS = YES_ERROR;
				CLANG_WARN_SUSPICIOUS_MOVE = YES;
				CLANG_WARN_UNREACHABLE_CODE = YES;
				CLANG_WARN__DUPLICATE_METHOD_MATCH = YES;
				"CODE_SIGN_IDENTITY[sdk=iphoneos*]" = "iPhone Developer";
				COPY_PHASE_STRIP = NO;
				DEBUG_INFORMATION_FORMAT = dwarf;
				ENABLE_STRICT_OBJC_MSGSEND = YES;
				ENABLE_TESTABILITY = YES;
				GCC_C_LANGUAGE_STANDARD = gnu99;
				GCC_DYNAMIC_NO_PIC = NO;
				GCC_NO_COMMON_BLOCKS = YES;
				GCC_OPTIMIZATION_LEVEL = 0;
				GCC_PREPROCESSOR_DEFINITIONS = (
					"DEBUG=1",
					"$(inherited)",
				);
				GCC_WARN_64_TO_32_BIT_CONVERSION = YES;
				GCC_WARN_ABOUT_RETURN_TYPE = YES_ERROR;
				GCC_WARN_UNDECLARED_SELECTOR = YES;
				GCC_WARN_UNINITIALIZED_AUTOS = YES_AGGRESSIVE;
				GCC_WARN_UNUSED_FUNCTION = YES;
				GCC_WARN_UNUSED_VARIABLE = YES;
				IPHONEOS_DEPLOYMENT_TARGET = 10.3;
				MTL_ENABLE_DEBUG_INFO = YES;
				ONLY_ACTIVE_ARCH = YES;
				SDKROOT = iphoneos;
				SWIFT_ACTIVE_COMPILATION_CONDITIONS = DEBUG;
				SWIFT_OPTIMIZATION_LEVEL = "-Onone";
			};
			name = Debug;
		};
		114FF6AF1EF530460074ECEE /* Release */ = {
			isa = XCBuildConfiguration;
			buildSettings = {
				ALWAYS_SEARCH_USER_PATHS = NO;
				CLANG_ANALYZER_NONNULL = YES;
				CLANG_ANALYZER_NUMBER_OBJECT_CONVERSION = YES_AGGRESSIVE;
				CLANG_CXX_LANGUAGE_STANDARD = "gnu++0x";
				CLANG_CXX_LIBRARY = "libc++";
				CLANG_ENABLE_MODULES = YES;
				CLANG_ENABLE_OBJC_ARC = YES;
				CLANG_WARN_BOOL_CONVERSION = YES;
				CLANG_WARN_CONSTANT_CONVERSION = YES;
				CLANG_WARN_DIRECT_OBJC_ISA_USAGE = YES_ERROR;
				CLANG_WARN_DOCUMENTATION_COMMENTS = YES;
				CLANG_WARN_EMPTY_BODY = YES;
				CLANG_WARN_ENUM_CONVERSION = YES;
				CLANG_WARN_INFINITE_RECURSION = YES;
				CLANG_WARN_INT_CONVERSION = YES;
				CLANG_WARN_OBJC_ROOT_CLASS = YES_ERROR;
				CLANG_WARN_SUSPICIOUS_MOVE = YES;
				CLANG_WARN_UNREACHABLE_CODE = YES;
				CLANG_WARN__DUPLICATE_METHOD_MATCH = YES;
				"CODE_SIGN_IDENTITY[sdk=iphoneos*]" = "iPhone Developer";
				COPY_PHASE_STRIP = NO;
				DEBUG_INFORMATION_FORMAT = "dwarf-with-dsym";
				ENABLE_NS_ASSERTIONS = NO;
				ENABLE_STRICT_OBJC_MSGSEND = YES;
				GCC_C_LANGUAGE_STANDARD = gnu99;
				GCC_NO_COMMON_BLOCKS = YES;
				GCC_WARN_64_TO_32_BIT_CONVERSION = YES;
				GCC_WARN_ABOUT_RETURN_TYPE = YES_ERROR;
				GCC_WARN_UNDECLARED_SELECTOR = YES;
				GCC_WARN_UNINITIALIZED_AUTOS = YES_AGGRESSIVE;
				GCC_WARN_UNUSED_FUNCTION = YES;
				GCC_WARN_UNUSED_VARIABLE = YES;
				IPHONEOS_DEPLOYMENT_TARGET = 10.3;
				MTL_ENABLE_DEBUG_INFO = NO;
				SDKROOT = iphoneos;
				SWIFT_OPTIMIZATION_LEVEL = "-Owholemodule";
				VALIDATE_PRODUCT = YES;
			};
			name = Release;
		};
		114FF6B11EF530460074ECEE /* Debug */ = {
			isa = XCBuildConfiguration;
			baseConfigurationReference = 6BE741C5ED39AE4FF9DDB84A /* Pods-TinkoffNews.debug.xcconfig */;
			buildSettings = {
				ASSETCATALOG_COMPILER_APPICON_NAME = AppIcon;
				DEVELOPMENT_TEAM = U754XV4Y2S;
				INFOPLIST_FILE = TinkoffNews/Info.plist;
				LD_RUNPATH_SEARCH_PATHS = "$(inherited) @executable_path/Frameworks";
				PRODUCT_BUNDLE_IDENTIFIER = "Alexander-Terekhov.TinkoffNews";
				PRODUCT_NAME = "$(TARGET_NAME)";
				SWIFT_VERSION = 3.0;
			};
			name = Debug;
		};
		114FF6B21EF530460074ECEE /* Release */ = {
			isa = XCBuildConfiguration;
			baseConfigurationReference = F85B9D6A1CF6C8A7DBD81551 /* Pods-TinkoffNews.release.xcconfig */;
			buildSettings = {
				ASSETCATALOG_COMPILER_APPICON_NAME = AppIcon;
				DEVELOPMENT_TEAM = U754XV4Y2S;
				INFOPLIST_FILE = TinkoffNews/Info.plist;
				LD_RUNPATH_SEARCH_PATHS = "$(inherited) @executable_path/Frameworks";
				PRODUCT_BUNDLE_IDENTIFIER = "Alexander-Terekhov.TinkoffNews";
				PRODUCT_NAME = "$(TARGET_NAME)";
				SWIFT_VERSION = 3.0;
			};
			name = Release;
		};
/* End XCBuildConfiguration section */

/* Begin XCConfigurationList section */
		114FF6961EF530460074ECEE /* Build configuration list for PBXProject "TinkoffNews" */ = {
			isa = XCConfigurationList;
			buildConfigurations = (
				114FF6AE1EF530460074ECEE /* Debug */,
				114FF6AF1EF530460074ECEE /* Release */,
			);
			defaultConfigurationIsVisible = 0;
			defaultConfigurationName = Release;
		};
		114FF6B01EF530460074ECEE /* Build configuration list for PBXNativeTarget "TinkoffNews" */ = {
			isa = XCConfigurationList;
			buildConfigurations = (
				114FF6B11EF530460074ECEE /* Debug */,
				114FF6B21EF530460074ECEE /* Release */,
			);
			defaultConfigurationIsVisible = 0;
			defaultConfigurationName = Release;
		};
/* End XCConfigurationList section */

/* Begin XCVersionGroup section */
		114FF6A51EF530460074ECEE /* TinkoffNews.xcdatamodeld */ = {
			isa = XCVersionGroup;
			children = (
				114FF6A61EF530460074ECEE /* TinkoffNews.xcdatamodel */,
			);
			currentVersion = 114FF6A61EF530460074ECEE /* TinkoffNews.xcdatamodel */;
			path = TinkoffNews.xcdatamodeld;
			sourceTree = "<group>";
			versionGroupType = wrapper.xcdatamodel;
		};
/* End XCVersionGroup section */
	};
	rootObject = 114FF6931EF530460074ECEE /* Project object */;
}
